
Microsoft Visual Studio Solution File, Format Version 12.00
# Visual Studio Version 16
VisualStudioVersion = 16.0.31410.357
MinimumVisualStudioVersion = 10.0.40219.1
Project("{FAE04EC0-301F-11D3-BF4B-00C04F79EFBC}") = "calculations", "calculations\calculations.csproj", "{4A21A04C-A0BA-486F-A961-135FFDE570E3}"
EndProject
Project("{FAE04EC0-301F-11D3-BF4B-00C04F79EFBC}") = "grades", "grades\grades.csproj", "{D39404C9-50F2-4277-9A49-EE33CCFD8223}"
EndProject
Project("{FAE04EC0-301F-11D3-BF4B-00C04F79EFBC}") = "method", "greater two values\method.csproj", "{FB2388B7-AA89-4C03-BCFC-2CE14D73736F}"
EndProject
Project("{FAE04EC0-301F-11D3-BF4B-00C04F79EFBC}") = "sign", "sign\sign.csproj", "{54BE344C-3331-4070-B445-F86EA37D6429}"
EndProject
Project("{FAE04EC0-301F-11D3-BF4B-00C04F79EFBC}") = "splitmoveempty", "splitmoveempty\splitmoveempty.csproj", "{D3D85F48-41F5-47F4-BB63-24A001AF8C92}"
EndProject
Global
	GlobalSection(SolutionConfigurationPlatforms) = preSolution
		Debug|Any CPU = Debug|Any CPU
		Release|Any CPU = Release|Any CPU
	EndGlobalSection
	GlobalSection(ProjectConfigurationPlatforms) = postSolution
		{4A21A04C-A0BA-486F-A961-135FFDE570E3}.Debug|Any CPU.ActiveCfg = Debug|Any CPU
		{4A21A04C-A0BA-486F-A961-135FFDE570E3}.Debug|Any CPU.Build.0 = Debug|Any CPU
		{4A21A04C-A0BA-486F-A961-135FFDE570E3}.Release|Any CPU.ActiveCfg = Release|Any CPU
		{4A21A04C-A0BA-486F-A961-135FFDE570E3}.Release|Any CPU.Build.0 = Release|Any CPU
		{D39404C9-50F2-4277-9A49-EE33CCFD8223}.Debug|Any CPU.ActiveCfg = Debug|Any CPU
		{D39404C9-50F2-4277-9A49-EE33CCFD8223}.Debug|Any CPU.Build.0 = Debug|Any CPU
		{D39404C9-50F2-4277-9A49-EE33CCFD8223}.Release|Any CPU.ActiveCfg = Release|Any CPU
		{D39404C9-50F2-4277-9A49-EE33CCFD8223}.Release|Any CPU.Build.0 = Release|Any CPU
		{FB2388B7-AA89-4C03-BCFC-2CE14D73736F}.Debug|Any CPU.ActiveCfg = Debug|Any CPU
		{FB2388B7-AA89-4C03-BCFC-2CE14D73736F}.Debug|Any CPU.Build.0 = Debug|Any CPU
		{FB2388B7-AA89-4C03-BCFC-2CE14D73736F}.Release|Any CPU.ActiveCfg = Release|Any CPU
		{FB2388B7-AA89-4C03-BCFC-2CE14D73736F}.Release|Any CPU.Build.0 = Release|Any CPU
		{54BE344C-3331-4070-B445-F86EA37D6429}.Debug|Any CPU.ActiveCfg = Debug|Any CPU
		{54BE344C-3331-4070-B445-F86EA37D6429}.Debug|Any CPU.Build.0 = Debug|Any CPU
		{54BE344C-3331-4070-B445-F86EA37D6429}.Release|Any CPU.ActiveCfg = Release|Any CPU
		{54BE344C-3331-4070-B445-F86EA37D6429}.Release|Any CPU.Build.0 = Release|Any CPU
		{D3D85F48-41F5-47F4-BB63-24A001AF8C92}.Debug|Any CPU.ActiveCfg = Debug|Any CPU
		{D3D85F48-41F5-47F4-BB63-24A001AF8C92}.Debug|Any CPU.Build.0 = Debug|Any CPU
		{D3D85F48-41F5-47F4-BB63-24A001AF8C92}.Release|Any CPU.ActiveCfg = Release|Any CPU
		{D3D85F48-41F5-47F4-BB63-24A001AF8C92}.Release|Any CPU.Build.0 = Release|Any CPU
	EndGlobalSection
	GlobalSection(SolutionProperties) = preSolution
		HideSolutionNode = FALSE
	EndGlobalSection
	GlobalSection(ExtensibilityGlobals) = postSolution
		SolutionGuid = {20F0EA71-8EA1-4222-9F3D-65642F7FEB52}
	EndGlobalSection
EndGlobal
